
Microsoft Visual Studio Solution File, Format Version 12.00
# Visual Studio Version 16
VisualStudioVersion = 16.0.29324.140
MinimumVisualStudioVersion = 10.0.40219.1
Project("{FAE04EC0-301F-11D3-BF4B-00C04F79EFBC}") = "SMS.DATA", "SMS.DATA\SMS.DATA.csproj", "{E3BB526B-AF53-4980-AF7D-BFA91A01D618}"
EndProject
Project("{FAE04EC0-301F-11D3-BF4B-00C04F79EFBC}") = "SMS.SERVICES", "SMS.Services\SMS.SERVICES.csproj", "{A47C6074-6049-4B84-A2A1-CAA111367C50}"
EndProject
Project("{2150E333-8FDC-42A3-9474-1A3956D46DE8}") = "1. API", "1. API", "{CD9BFB57-CBF8-4E8C-8F31-9B32FCCB55AA}"
EndProject
Project("{2150E333-8FDC-42A3-9474-1A3956D46DE8}") = "4. DATA", "4. DATA", "{A19426E1-0AA9-4D94-9E60-F8F7EA990F74}"
EndProject
Project("{2150E333-8FDC-42A3-9474-1A3956D46DE8}") = "2. Services", "2. Services", "{E1D75687-F191-4953-8737-8B502CA7BA7E}"
EndProject
Project("{2150E333-8FDC-42A3-9474-1A3956D46DE8}") = "3. COMMON", "3. COMMON", "{D3031E07-5B56-43E3-9AD7-D05ACCD9B577}"
EndProject
Project("{FAE04EC0-301F-11D3-BF4B-00C04F79EFBC}") = "SMS.DTOs", "SMS.DTOs\SMS.DTOs.csproj", "{AFADB3C9-3F0F-4680-96DE-A6A7E7EC92BB}"
EndProject
Project("{2150E333-8FDC-42A3-9474-1A3956D46DE8}") = "WEB", "WEB", "{70234A7D-FA05-4619-B2E2-68DF3C203C4B}"
EndProject
Project("{FAE04EC0-301F-11D3-BF4B-00C04F79EFBC}") = "SMS.MAP", "SMS.MAP\SMS.MAP.csproj", "{8C54D1D5-E377-434E-97C5-1DA53C7E3FBF}"
EndProject
Project("{FAE04EC0-301F-11D3-BF4B-00C04F79EFBC}") = "SMS.API", "SMS.API\SMS.API.csproj", "{A1A9CDFC-0E8A-495C-A2E6-32AFAF4C5242}"
EndProject
Project("{FAE04EC0-301F-11D3-BF4B-00C04F79EFBC}") = "SMS.UI.Website", "SMS.UI.Website\SMS.UI.Website.csproj", "{F01C68B4-45F9-4F41-A1BD-F32F020B66EF}"
EndProject
Project("{FAE04EC0-301F-11D3-BF4B-00C04F79EFBC}") = "SMS.UI.HeadOffice", "SMS.UI.HeadOffice\SMS.UI.HeadOffice.csproj", "{1B0737D7-0BF3-4EB3-ABFC-7D17DA96D9D5}"
EndProject
Global
	GlobalSection(SolutionConfigurationPlatforms) = preSolution
		Debug|Any CPU = Debug|Any CPU
		Release|Any CPU = Release|Any CPU
	EndGlobalSection
	GlobalSection(ProjectConfigurationPlatforms) = postSolution
		{E3BB526B-AF53-4980-AF7D-BFA91A01D618}.Debug|Any CPU.ActiveCfg = Debug|Any CPU
		{E3BB526B-AF53-4980-AF7D-BFA91A01D618}.Debug|Any CPU.Build.0 = Debug|Any CPU
		{E3BB526B-AF53-4980-AF7D-BFA91A01D618}.Release|Any CPU.ActiveCfg = Release|Any CPU
		{E3BB526B-AF53-4980-AF7D-BFA91A01D618}.Release|Any CPU.Build.0 = Release|Any CPU
		{A47C6074-6049-4B84-A2A1-CAA111367C50}.Debug|Any CPU.ActiveCfg = Debug|Any CPU
		{A47C6074-6049-4B84-A2A1-CAA111367C50}.Debug|Any CPU.Build.0 = Debug|Any CPU
		{A47C6074-6049-4B84-A2A1-CAA111367C50}.Release|Any CPU.ActiveCfg = Release|Any CPU
		{A47C6074-6049-4B84-A2A1-CAA111367C50}.Release|Any CPU.Build.0 = Release|Any CPU
		{AFADB3C9-3F0F-4680-96DE-A6A7E7EC92BB}.Debug|Any CPU.ActiveCfg = Debug|Any CPU
		{AFADB3C9-3F0F-4680-96DE-A6A7E7EC92BB}.Debug|Any CPU.Build.0 = Debug|Any CPU
		{AFADB3C9-3F0F-4680-96DE-A6A7E7EC92BB}.Release|Any CPU.ActiveCfg = Release|Any CPU
		{AFADB3C9-3F0F-4680-96DE-A6A7E7EC92BB}.Release|Any CPU.Build.0 = Release|Any CPU
		{8C54D1D5-E377-434E-97C5-1DA53C7E3FBF}.Debug|Any CPU.ActiveCfg = Debug|Any CPU
		{8C54D1D5-E377-434E-97C5-1DA53C7E3FBF}.Debug|Any CPU.Build.0 = Debug|Any CPU
		{8C54D1D5-E377-434E-97C5-1DA53C7E3FBF}.Release|Any CPU.ActiveCfg = Release|Any CPU
		{8C54D1D5-E377-434E-97C5-1DA53C7E3FBF}.Release|Any CPU.Build.0 = Release|Any CPU
		{A1A9CDFC-0E8A-495C-A2E6-32AFAF4C5242}.Debug|Any CPU.ActiveCfg = Debug|Any CPU
		{A1A9CDFC-0E8A-495C-A2E6-32AFAF4C5242}.Debug|Any CPU.Build.0 = Debug|Any CPU
		{A1A9CDFC-0E8A-495C-A2E6-32AFAF4C5242}.Release|Any CPU.ActiveCfg = Release|Any CPU
		{A1A9CDFC-0E8A-495C-A2E6-32AFAF4C5242}.Release|Any CPU.Build.0 = Release|Any CPU
		{F01C68B4-45F9-4F41-A1BD-F32F020B66EF}.Debug|Any CPU.ActiveCfg = Debug|Any CPU
		{F01C68B4-45F9-4F41-A1BD-F32F020B66EF}.Debug|Any CPU.Build.0 = Debug|Any CPU
		{F01C68B4-45F9-4F41-A1BD-F32F020B66EF}.Release|Any CPU.ActiveCfg = Release|Any CPU
		{F01C68B4-45F9-4F41-A1BD-F32F020B66EF}.Release|Any CPU.Build.0 = Release|Any CPU
		{1B0737D7-0BF3-4EB3-ABFC-7D17DA96D9D5}.Debug|Any CPU.ActiveCfg = Debug|Any CPU
		{1B0737D7-0BF3-4EB3-ABFC-7D17DA96D9D5}.Debug|Any CPU.Build.0 = Debug|Any CPU
		{1B0737D7-0BF3-4EB3-ABFC-7D17DA96D9D5}.Release|Any CPU.ActiveCfg = Release|Any CPU
		{1B0737D7-0BF3-4EB3-ABFC-7D17DA96D9D5}.Release|Any CPU.Build.0 = Release|Any CPU
	EndGlobalSection
	GlobalSection(SolutionProperties) = preSolution
		HideSolutionNode = FALSE
	EndGlobalSection
	GlobalSection(NestedProjects) = preSolution
		{E3BB526B-AF53-4980-AF7D-BFA91A01D618} = {A19426E1-0AA9-4D94-9E60-F8F7EA990F74}
		{A47C6074-6049-4B84-A2A1-CAA111367C50} = {E1D75687-F191-4953-8737-8B502CA7BA7E}
		{AFADB3C9-3F0F-4680-96DE-A6A7E7EC92BB} = {D3031E07-5B56-43E3-9AD7-D05ACCD9B577}
		{8C54D1D5-E377-434E-97C5-1DA53C7E3FBF} = {D3031E07-5B56-43E3-9AD7-D05ACCD9B577}
		{A1A9CDFC-0E8A-495C-A2E6-32AFAF4C5242} = {CD9BFB57-CBF8-4E8C-8F31-9B32FCCB55AA}
		{F01C68B4-45F9-4F41-A1BD-F32F020B66EF} = {70234A7D-FA05-4619-B2E2-68DF3C203C4B}
		{1B0737D7-0BF3-4EB3-ABFC-7D17DA96D9D5} = {70234A7D-FA05-4619-B2E2-68DF3C203C4B}
	EndGlobalSection
	GlobalSection(ExtensibilityGlobals) = postSolution
		SolutionGuid = {F8C36281-6C53-4440-8235-43CA261345AB}
	EndGlobalSection
EndGlobal
